// !$*UTF8*$!
{
	archiveVersion = 1;
	classes = {
	};
	objectVersion = 46;
	objects = {

/* Begin PBXBuildFile section */
		89E2FE691D5791AC00E3FE1B /* AppDelegate.swift in Sources */ = {isa = PBXBuildFile; fileRef = 89E2FE681D5791AC00E3FE1B /* AppDelegate.swift */; };
		89E2FE6B1D5791AC00E3FE1B /* ViewController.swift in Sources */ = {isa = PBXBuildFile; fileRef = 89E2FE6A1D5791AC00E3FE1B /* ViewController.swift */; };
		89E2FE701D5791AC00E3FE1B /* Assets.xcassets in Resources */ = {isa = PBXBuildFile; fileRef = 89E2FE6F1D5791AC00E3FE1B /* Assets.xcassets */; };
		89E2FE731D5791AC00E3FE1B /* LaunchScreen.storyboard in Resources */ = {isa = PBXBuildFile; fileRef = 89E2FE711D5791AC00E3FE1B /* LaunchScreen.storyboard */; };
		89E2FE7C1D57979100E3FE1B /* Main.storyboard in Resources */ = {isa = PBXBuildFile; fileRef = 89E2FE7A1D57979100E3FE1B /* Main.storyboard */; };
		89E2FE7E1D57B4D000E3FE1B /* Model.swift in Sources */ = {isa = PBXBuildFile; fileRef = 89E2FE7D1D57B4D000E3FE1B /* Model.swift */; };
/* End PBXBuildFile section */

/* Begin PBXFileReference section */
		89E2FE651D5791AC00E3FE1B /* TipCalculator.app */ = {isa = PBXFileReference; explicitFileType = wrapper.application; includeInIndex = 0; path = TipCalculator.app; sourceTree = BUILT_PRODUCTS_DIR; };
		89E2FE681D5791AC00E3FE1B /* AppDelegate.swift */ = {isa = PBXFileReference; lastKnownFileType = sourcecode.swift; path = AppDelegate.swift; sourceTree = "<group>"; };
		89E2FE6A1D5791AC00E3FE1B /* ViewController.swift */ = {isa = PBXFileReference; lastKnownFileType = sourcecode.swift; path = ViewController.swift; sourceTree = "<group>"; };
		89E2FE6F1D5791AC00E3FE1B /* Assets.xcassets */ = {isa = PBXFileReference; lastKnownFileType = folder.assetcatalog; path = Assets.xcassets; sourceTree = "<group>"; };
		89E2FE721D5791AC00E3FE1B /* Base */ = {isa = PBXFileReference; lastKnownFileType = file.storyboard; name = Base; path = Base.lproj/LaunchScreen.storyboard; sourceTree = "<group>"; };
		89E2FE741D5791AC00E3FE1B /* Info.plist */ = {isa = PBXFileReference; lastKnownFileType = text.plist.xml; path = Info.plist; sourceTree = "<group>"; };
		89E2FE7B1D57979100E3FE1B /* Base */ = {isa = PBXFileReference; lastKnownFileType = file.storyboard; name = Base; path = Base.lproj/Main.storyboard; sourceTree = "<group>"; };
		89E2FE7D1D57B4D000E3FE1B /* Model.swift */ = {isa = PBXFileReference; fileEncoding = 4; lastKnownFileType = sourcecode.swift; path = Model.swift; sourceTree = "<group>"; };
/* End PBXFileReference section */

/* Begin PBXFrameworksBuildPhase section */
		89E2FE621D5791AC00E3FE1B /* Frameworks */ = {
			isa = PBXFrameworksBuildPhase;
			buildActionMask = 2147483647;
			files = (
			);
			runOnlyForDeploymentPostprocessing = 0;
		};
/* End PBXFrameworksBuildPhase section */

/* Begin PBXGroup section */
		89E2FE5C1D5791AC00E3FE1B = {
			isa = PBXGroup;
			children = (
				89E2FE671D5791AC00E3FE1B /* TipCalculator */,
				89E2FE661D5791AC00E3FE1B /* Products */,
			);
			sourceTree = "<group>";
		};
		89E2FE661D5791AC00E3FE1B /* Products */ = {
			isa = PBXGroup;
			children = (
				89E2FE651D5791AC00E3FE1B /* TipCalculator.app */,
			);
			name = Products;
			sourceTree = "<group>";
		};
		89E2FE671D5791AC00E3FE1B /* TipCalculator */ = {
			isa = PBXGroup;
			children = (
				89E2FE7A1D57979100E3FE1B /* Main.storyboard */,
				89E2FE681D5791AC00E3FE1B /* AppDelegate.swift */,
				89E2FE6A1D5791AC00E3FE1B /* ViewController.swift */,
				89E2FE7D1D57B4D000E3FE1B /* Model.swift */,
				89E2FE6F1D5791AC00E3FE1B /* Assets.xcassets */,
				89E2FE711D5791AC00E3FE1B /* LaunchScreen.storyboard */,
				89E2FE741D5791AC00E3FE1B /* Info.plist */,
			);
			path = TipCalculator;
			sourceTree = "<group>";
		};
/* End PBXGroup section */

/* Begin PBXNativeTarget section */
		89E2FE641D5791AC00E3FE1B /* TipCalculator */ = {
			isa = PBXNativeTarget;
			buildConfigurationList = 89E2FE771D5791AC00E3FE1B /* Build configuration list for PBXNativeTarget "TipCalculator" */;
			buildPhases = (
				89E2FE611D5791AC00E3FE1B /* Sources */,
				89E2FE621D5791AC00E3FE1B /* Frameworks */,
				89E2FE631D5791AC00E3FE1B /* Resources */,
			);
			buildRules = (
			);
			dependencies = (
			);
			name = TipCalculator;
			productName = TipCalculator;
			productReference = 89E2FE651D5791AC00E3FE1B /* TipCalculator.app */;
			productType = "com.apple.product-type.application";
		};
/* End PBXNativeTarget section */

/* Begin PBXProject section */
		89E2FE5D1D5791AC00E3FE1B /* Project object */ = {
			isa = PBXProject;
			attributes = {
				LastSwiftUpdateCheck = 0800;
				LastUpgradeCheck = 0800;
				ORGANIZATIONNAME = "Chuan DONG";
				TargetAttributes = {
					89E2FE641D5791AC00E3FE1B = {
						CreatedOnToolsVersion = 8.0;
						ProvisioningStyle = Automatic;
					};
				};
			};
			buildConfigurationList = 89E2FE601D5791AC00E3FE1B /* Build configuration list for PBXProject "TipCalculator" */;
			compatibilityVersion = "Xcode 3.2";
			developmentRegion = English;
			hasScannedForEncodings = 0;
			knownRegions = (
				en,
				Base,
			);
			mainGroup = 89E2FE5C1D5791AC00E3FE1B;
			productRefGroup = 89E2FE661D5791AC00E3FE1B /* Products */;
			projectDirPath = "";
			projectRoot = "";
			targets = (
				89E2FE641D5791AC00E3FE1B /* TipCalculator */,
			);
		};
/* End PBXProject section */

/* Begin PBXResourcesBuildPhase section */
		89E2FE631D5791AC00E3FE1B /* Resources */ = {
			isa = PBXResourcesBuildPhase;
			buildActionMask = 2147483647;
			files = (
				89E2FE7C1D57979100E3FE1B /* Main.storyboard in Resources */,
				89E2FE731D5791AC00E3FE1B /* LaunchScreen.storyboard in Resources */,
				89E2FE701D5791AC00E3FE1B /* Assets.xcassets in Resources */,
			);
			runOnlyForDeploymentPostprocessing = 0;
		};
/* End PBXResourcesBuildPhase section */

/* Begin PBXSourcesBuildPhase section */
		89E2FE611D5791AC00E3FE1B /* Sources */ = {
			isa = PBXSourcesBuildPhase;
			buildActionMask = 2147483647;
			files = (
				89E2FE7E1D57B4D000E3FE1B /* Model.swift in Sources */,
				89E2FE6B1D5791AC00E3FE1B /* ViewController.swift in Sources */,
				89E2FE691D5791AC00E3FE1B /* AppDelegate.swift in Sources */,
			);
			runOnlyForDeploymentPostprocessing = 0;
		};
/* End PBXSourcesBuildPhase section */

/* Begin PBXVariantGroup section */
		89E2FE711D5791AC00E3FE1B /* LaunchScreen.storyboard */ = {
			isa = PBXVariantGroup;
			children = (
				89E2FE721D5791AC00E3FE1B /* Base */,
			);
			name = LaunchScreen.storyboard;
			sourceTree = "<group>";
		};
		89E2FE7A1D57979100E3FE1B /* Main.storyboard */ = {
			isa = PBXVariantGroup;
			children = (
				89E2FE7B1D57979100E3FE1B /* Base */,
			);
			name = Main.storyboard;
			sourceTree = "<group>";
		};
/* End PBXVariantGroup section */

/* Begin XCBuildConfiguration section */
		89E2FE751D5791AC00E3FE1B /* Debug */ = {
			isa = XCBuildConfiguration;
			buildSettings = {
				ALWAYS_SEARCH_USER_PATHS = NO;
				CLANG_ANALYZER_NONNULL = YES;
				CLANG_CXX_LANGUAGE_STANDARD = "gnu++0x";
				CLANG_CXX_LIBRARY = "libc++";
				CLANG_ENABLE_MODULES = YES;
				CLANG_ENABLE_OBJC_ARC = YES;
				CLANG_WARN_BOOL_CONVERSION = YES;
				CLANG_WARN_CONSTANT_CONVERSION = YES;
				CLANG_WARN_DIRECT_OBJC_ISA_USAGE = YES_ERROR;
				CLANG_WARN_DOCUMENTATION_COMMENTS = YES;
				CLANG_WARN_EMPTY_BODY = YES;
				CLANG_WARN_ENUM_CONVERSION = YES;
				CLANG_WARN_INFINITE_RECURSION = YES;
				CLANG_WARN_INT_CONVERSION = YES;
				CLANG_WARN_OBJC_ROOT_CLASS = YES_ERROR;
				CLANG_WARN_SUSPICIOUS_MOVES = YES;
				CLANG_WARN_UNREACHABLE_CODE = YES;
				CLANG_WARN__DUPLICATE_METHOD_MATCH = YES;
				"CODE_SIGN_IDENTITY[sdk=iphoneos*]" = "iPhone Developer";
				COPY_PHASE_STRIP = NO;
				DEBUG_INFORMATION_FORMAT = dwarf;
				ENABLE_STRICT_OBJC_MSGSEND = YES;
				ENABLE_TESTABILITY = YES;
				GCC_C_LANGUAGE_STANDARD = gnu99;
				GCC_DYNAMIC_NO_PIC = NO;
				GCC_NO_COMMON_BLOCKS = YES;
				GCC_OPTIMIZATION_LEVEL = 0;
				GCC_PREPROCESSOR_DEFINITIONS = (
					"DEBUG=1",
					"$(inherited)",
				);
				GCC_WARN_64_TO_32_BIT_CONVERSION = YES;
				GCC_WARN_ABOUT_RETURN_TYPE = YES_ERROR;
				GCC_WARN_UNDECLARED_SELECTOR = YES;
				GCC_WARN_UNINITIALIZED_AUTOS = YES_AGGRESSIVE;
				GCC_WARN_UNUSED_FUNCTION = YES;
				GCC_WARN_UNUSED_VARIABLE = YES;
				IPHONEOS_DEPLOYMENT_TARGET = 10.0;
				MTL_ENABLE_DEBUG_INFO = YES;
				ONLY_ACTIVE_ARCH = YES;
				SDKROOT = iphoneos;
				SWIFT_ACTIVE_COMPILATION_CONDITIONS = DEBUG;
				SWIFT_OPTIMIZATION_LEVEL = "-Onone";
				TARGETED_DEVICE_FAMILY = "1,2";
			};
			name = Debug;
		};
		89E2FE761D5791AC00E3FE1B /* Release */ = {
			isa = XCBuildConfiguration;
			buildSettings = {
				ALWAYS_SEARCH_USER_PATHS = NO;
				CLANG_ANALYZER_NONNULL = YES;
				CLANG_CXX_LANGUAGE_STANDARD = "gnu++0x";
				CLANG_CXX_LIBRARY = "libc++";
				CLANG_ENABLE_MODULES = YES;
				CLANG_ENABLE_OBJC_ARC = YES;
				CLANG_WARN_BOOL_CONVERSION = YES;
				CLANG_WARN_CONSTANT_CONVERSION = YES;
				CLANG_WARN_DIRECT_OBJC_ISA_USAGE = YES_ERROR;
				CLANG_WARN_DOCUMENTATION_COMMENTS = YES;
				CLANG_WARN_EMPTY_BODY = YES;
				CLANG_WARN_ENUM_CONVERSION = YES;
				CLANG_WARN_INFINITE_RECURSION = YES;
				CLANG_WARN_INT_CONVERSION = YES;
				CLANG_WARN_OBJC_ROOT_CLASS = YES_ERROR;
				CLANG_WARN_SUSPICIOUS_MOVES = YES;
				CLANG_WARN_UNREACHABLE_CODE = YES;
				CLANG_WARN__DUPLICATE_METHOD_MATCH = YES;
				"CODE_SIGN_IDENTITY[sdk=iphoneos*]" = "iPhone Developer";
				COPY_PHASE_STRIP = NO;
				DEBUG_INFORMATION_FORMAT = "dwarf-with-dsym";
				ENABLE_NS_ASSERTIONS = NO;
				ENABLE_STRICT_OBJC_MSGSEND = YES;
				GCC_C_LANGUAGE_STANDARD = gnu99;
				GCC_NO_COMMON_BLOCKS = YES;
				GCC_WARN_64_TO_32_BIT_CONVERSION = YES;
				GCC_WARN_ABOUT_RETURN_TYPE = YES_ERROR;
				GCC_WARN_UNDECLARED_SELECTOR = YES;
				GCC_WARN_UNINITIALIZED_AUTOS = YES_AGGRESSIVE;
				GCC_WARN_UNUSED_FUNCTION = YES;
				GCC_WARN_UNUSED_VARIABLE = YES;
				IPHONEOS_DEPLOYMENT_TARGET = 10.0;
				MTL_ENABLE_DEBUG_INFO = NO;
				SDKROOT = iphoneos;
				SWIFT_OPTIMIZATION_LEVEL = "-Owholemodule";
				TARGETED_DEVICE_FAMILY = "1,2";
				VALIDATE_PRODUCT = YES;
			};
			name = Release;
		};
		89E2FE781D5791AC00E3FE1B /* Debug */ = {
			isa = XCBuildConfiguration;
			buildSettings = {
				ASSETCATALOG_COMPILER_APPICON_NAME = AppIcon;
				INFOPLIST_FILE = TipCalculator/Info.plist;
				LD_RUNPATH_SEARCH_PATHS = "$(inherited) @executable_path/Frameworks";
				PRODUCT_BUNDLE_IDENTIFIER = dongchuan.TipCalculator;
				PRODUCT_NAME = "$(TARGET_NAME)";
				SWIFT_VERSION = 3.0;
			};
			name = Debug;
		};
		89E2FE791D5791AC00E3FE1B /* Release */ = {
			isa = XCBuildConfiguration;
			buildSettings = {
				ASSETCATALOG_COMPILER_APPICON_NAME = AppIcon;
				INFOPLIST_FILE = TipCalculator/Info.plist;
				LD_RUNPATH_SEARCH_PATHS = "$(inherited) @executable_path/Frameworks";
				PRODUCT_BUNDLE_IDENTIFIER = dongchuan.TipCalculator;
				PRODUCT_NAME = "$(TARGET_NAME)";
				SWIFT_VERSION = 3.0;
			};
			name = Release;
		};
/* End XCBuildConfiguration section */

/* Begin XCConfigurationList section */
		89E2FE601D5791AC00E3FE1B /* Build configuration list for PBXProject "TipCalculator" */ = {
			isa = XCConfigurationList;
			buildConfigurations = (
				89E2FE751D5791AC00E3FE1B /* Debug */,
				89E2FE761D5791AC00E3FE1B /* Release */,
			);
			defaultConfigurationIsVisible = 0;
			defaultConfigurationName = Release;
		};
		89E2FE771D5791AC00E3FE1B /* Build configuration list for PBXNativeTarget "TipCalculator" */ = {
			isa = XCConfigurationList;
			buildConfigurations = (
				89E2FE781D5791AC00E3FE1B /* Debug */,
				89E2FE791D5791AC00E3FE1B /* Release */,
			);
			defaultConfigurationIsVisible = 0;
			defaultConfigurationName = Release;
		};
/* End XCConfigurationList section */
	};
	rootObject = 89E2FE5D1D5791AC00E3FE1B /* Project object */;
}
